// !$*UTF8*$!
{
	archiveVersion = 1;
	classes = {
	};
	objectVersion = 48;
	objects = {

/* Begin PBXBuildFile section */
		B6165BB91FFCA2220083D4CB /* AppDelegate.swift in Sources */ = {isa = PBXBuildFile; fileRef = B6165BB81FFCA2220083D4CB /* AppDelegate.swift */; };
		B6165BBB1FFCA2220083D4CB /* ViewController.swift in Sources */ = {isa = PBXBuildFile; fileRef = B6165BBA1FFCA2220083D4CB /* ViewController.swift */; };
		B6165BBE1FFCA2220083D4CB /* Main.storyboard in Resources */ = {isa = PBXBuildFile; fileRef = B6165BBC1FFCA2220083D4CB /* Main.storyboard */; };
		B6165BC01FFCA2220083D4CB /* Assets.xcassets in Resources */ = {isa = PBXBuildFile; fileRef = B6165BBF1FFCA2220083D4CB /* Assets.xcassets */; };
		B6165BC31FFCA2220083D4CB /* LaunchScreen.storyboard in Resources */ = {isa = PBXBuildFile; fileRef = B6165BC11FFCA2220083D4CB /* LaunchScreen.storyboard */; };
		B6165BCE1FFCA2220083D4CB /* ClutterKnowsTests.swift in Sources */ = {isa = PBXBuildFile; fileRef = B6165BCD1FFCA2220083D4CB /* ClutterKnowsTests.swift */; };
		B6165BD91FFCA2220083D4CB /* ClutterKnowsUITests.swift in Sources */ = {isa = PBXBuildFile; fileRef = B6165BD81FFCA2220083D4CB /* ClutterKnowsUITests.swift */; };
		B6165BEF1FFCA2DE0083D4CB /* UIColorExpand.swift in Sources */ = {isa = PBXBuildFile; fileRef = B6165BE71FFCA2DD0083D4CB /* UIColorExpand.swift */; };
		B6165BF01FFCA2DE0083D4CB /* SmallPoint.swift in Sources */ = {isa = PBXBuildFile; fileRef = B6165BE81FFCA2DD0083D4CB /* SmallPoint.swift */; };
		B6165BF21FFCA2DE0083D4CB /* MachineModels.swift in Sources */ = {isa = PBXBuildFile; fileRef = B6165BEA1FFCA2DE0083D4CB /* MachineModels.swift */; };
		B6165BF31FFCA2DE0083D4CB /* GCDExpond.swift in Sources */ = {isa = PBXBuildFile; fileRef = B6165BEB1FFCA2DE0083D4CB /* GCDExpond.swift */; };
		B6165BF41FFCA2DE0083D4CB /* FontFamily.swift in Sources */ = {isa = PBXBuildFile; fileRef = B6165BEC1FFCA2DE0083D4CB /* FontFamily.swift */; };
		B6165BF51FFCA2DE0083D4CB /* FilesPath.swift in Sources */ = {isa = PBXBuildFile; fileRef = B6165BED1FFCA2DE0083D4CB /* FilesPath.swift */; };
		B6165BFA1FFCA2EC0083D4CB /* LeftController.swift in Sources */ = {isa = PBXBuildFile; fileRef = B6165BF61FFCA2EB0083D4CB /* LeftController.swift */; };
		B6165BFB1FFCA2EC0083D4CB /* SideController.swift in Sources */ = {isa = PBXBuildFile; fileRef = B6165BF71FFCA2EB0083D4CB /* SideController.swift */; };
		B6165BFC1FFCA2EC0083D4CB /* SubController.swift in Sources */ = {isa = PBXBuildFile; fileRef = B6165BF81FFCA2EC0083D4CB /* SubController.swift */; };
		B6165BFD1FFCA2EC0083D4CB /* MainController.swift in Sources */ = {isa = PBXBuildFile; fileRef = B6165BF91FFCA2EC0083D4CB /* MainController.swift */; };
		B6165C031FFCAA9D0083D4CB /* DateExpand.swift in Sources */ = {isa = PBXBuildFile; fileRef = B6165C021FFCAA9D0083D4CB /* DateExpand.swift */; };
		B63EF0CB2064F80D0016D704 /* CornerRaidons.swift in Sources */ = {isa = PBXBuildFile; fileRef = B63EF0CA2064F80D0016D704 /* CornerRaidons.swift */; };
		B6481E3A1FFCE0CB0075A1A7 /* CollectionController.swift in Sources */ = {isa = PBXBuildFile; fileRef = B6481E391FFCE0CB0075A1A7 /* CollectionController.swift */; };
		B6481E3C1FFDCD650075A1A7 /* CollectionFooter.swift in Sources */ = {isa = PBXBuildFile; fileRef = B6481E3B1FFDCD650075A1A7 /* CollectionFooter.swift */; };
		B6481E3E1FFDCD710075A1A7 /* CollectionHeader.swift in Sources */ = {isa = PBXBuildFile; fileRef = B6481E3D1FFDCD710075A1A7 /* CollectionHeader.swift */; };
		B6481E401FFDD1F10075A1A7 /* MyCollectionController.swift in Sources */ = {isa = PBXBuildFile; fileRef = B6481E3F1FFDD1F10075A1A7 /* MyCollectionController.swift */; };
		B666275A200DDD2B00D81D97 /* ButtonsChosenView.swift in Sources */ = {isa = PBXBuildFile; fileRef = B6662759200DDD2B00D81D97 /* ButtonsChosenView.swift */; };
		B666275C200DE4CF00D81D97 /* ButtonsController.swift in Sources */ = {isa = PBXBuildFile; fileRef = B666275B200DE4CF00D81D97 /* ButtonsController.swift */; };
		B66F70A720045E1A00557D20 /* CommonSave.swift in Sources */ = {isa = PBXBuildFile; fileRef = B66F70A620045E1A00557D20 /* CommonSave.swift */; };
		B66F70A92004673400557D20 /* libsqlite3.tbd in Frameworks */ = {isa = PBXBuildFile; fileRef = B66F70A82004673400557D20 /* libsqlite3.tbd */; };
		B66F70EF200499B700557D20 /* QRCodeController.swift in Sources */ = {isa = PBXBuildFile; fileRef = B66F70EE200499B700557D20 /* QRCodeController.swift */; };
		B68267E01FFDFE2A009D070F /* WaterFlowViewLayout.swift in Sources */ = {isa = PBXBuildFile; fileRef = B68267DF1FFDFE2A009D070F /* WaterFlowViewLayout.swift */; };
		B68267E21FFE1EBE009D070F /* MyVerCollection.swift in Sources */ = {isa = PBXBuildFile; fileRef = B68267E11FFE1EBE009D070F /* MyVerCollection.swift */; };
		B68267E41FFE1EDA009D070F /* WaterFlowViewsLayout.swift in Sources */ = {isa = PBXBuildFile; fileRef = B68267E31FFE1EDA009D070F /* WaterFlowViewsLayout.swift */; };
		B68267E61FFE2724009D070F /* WaterFlowViewHorLayout.swift in Sources */ = {isa = PBXBuildFile; fileRef = B68267E51FFE2724009D070F /* WaterFlowViewHorLayout.swift */; };
		B68267E81FFE273D009D070F /* HorCollectionController.swift in Sources */ = {isa = PBXBuildFile; fileRef = B68267E71FFE273D009D070F /* HorCollectionController.swift */; };
		B68267ED2002405E009D070F /* MyCalendarController.swift in Sources */ = {isa = PBXBuildFile; fileRef = B68267EC2002405E009D070F /* MyCalendarController.swift */; };
		B68267EF2002532B009D070F /* MyCalendarCollectionCell.swift in Sources */ = {isa = PBXBuildFile; fileRef = B68267EE2002532B009D070F /* MyCalendarCollectionCell.swift */; };
		B68267F12003449B009D070F /* MyCalendarControl.swift in Sources */ = {isa = PBXBuildFile; fileRef = B68267F02003449B009D070F /* MyCalendarControl.swift */; };
		B68267F320034CD1009D070F /* MyCalendarHeader.swift in Sources */ = {isa = PBXBuildFile; fileRef = B68267F220034CD1009D070F /* MyCalendarHeader.swift */; };
		B68267F62003712A009D070F /* libsqlite3.0.tbd in Frameworks */ = {isa = PBXBuildFile; fileRef = B68267F52003711B009D070F /* libsqlite3.0.tbd */; };
		B69CB843205FA6190041156C /* ScreenHOT.swift in Sources */ = {isa = PBXBuildFile; fileRef = B69CB842205FA6190041156C /* ScreenHOT.swift */; };
/* End PBXBuildFile section */

/* Begin PBXContainerItemProxy section */
		B6165BCA1FFCA2220083D4CB /* PBXContainerItemProxy */ = {
			isa = PBXContainerItemProxy;
			containerPortal = B6165BAD1FFCA2220083D4CB /* Project object */;
			proxyType = 1;
			remoteGlobalIDString = B6165BB41FFCA2220083D4CB;
			remoteInfo = ClutterKnows;
		};
		B6165BD51FFCA2220083D4CB /* PBXContainerItemProxy */ = {
			isa = PBXContainerItemProxy;
			containerPortal = B6165BAD1FFCA2220083D4CB /* Project object */;
			proxyType = 1;
			remoteGlobalIDString = B6165BB41FFCA2220083D4CB;
			remoteInfo = ClutterKnows;
		};
/* End PBXContainerItemProxy section */

/* Begin PBXFileReference section */
		B6165BB51FFCA2220083D4CB /* ClutterKnows.app */ = {isa = PBXFileReference; explicitFileType = wrapper.application; includeInIndex = 0; path = ClutterKnows.app; sourceTree = BUILT_PRODUCTS_DIR; };
		B6165BB81FFCA2220083D4CB /* AppDelegate.swift */ = {isa = PBXFileReference; lastKnownFileType = sourcecode.swift; path = AppDelegate.swift; sourceTree = "<group>"; };
		B6165BBA1FFCA2220083D4CB /* ViewController.swift */ = {isa = PBXFileReference; lastKnownFileType = sourcecode.swift; path = ViewController.swift; sourceTree = "<group>"; };
		B6165BBD1FFCA2220083D4CB /* Base */ = {isa = PBXFileReference; lastKnownFileType = file.storyboard; name = Base; path = Base.lproj/Main.storyboard; sourceTree = "<group>"; };
		B6165BBF1FFCA2220083D4CB /* Assets.xcassets */ = {isa = PBXFileReference; lastKnownFileType = folder.assetcatalog; path = Assets.xcassets; sourceTree = "<group>"; };
		B6165BC21FFCA2220083D4CB /* Base */ = {isa = PBXFileReference; lastKnownFileType = file.storyboard; name = Base; path = Base.lproj/LaunchScreen.storyboard; sourceTree = "<group>"; };
		B6165BC41FFCA2220083D4CB /* Info.plist */ = {isa = PBXFileReference; lastKnownFileType = text.plist.xml; path = Info.plist; sourceTree = "<group>"; };
		B6165BC91FFCA2220083D4CB /* ClutterKnowsTests.xctest */ = {isa = PBXFileReference; explicitFileType = wrapper.cfbundle; includeInIndex = 0; path = ClutterKnowsTests.xctest; sourceTree = BUILT_PRODUCTS_DIR; };
		B6165BCD1FFCA2220083D4CB /* ClutterKnowsTests.swift */ = {isa = PBXFileReference; lastKnownFileType = sourcecode.swift; path = ClutterKnowsTests.swift; sourceTree = "<group>"; };
		B6165BCF1FFCA2220083D4CB /* Info.plist */ = {isa = PBXFileReference; lastKnownFileType = text.plist.xml; path = Info.plist; sourceTree = "<group>"; };
		B6165BD41FFCA2220083D4CB /* ClutterKnowsUITests.xctest */ = {isa = PBXFileReference; explicitFileType = wrapper.cfbundle; includeInIndex = 0; path = ClutterKnowsUITests.xctest; sourceTree = BUILT_PRODUCTS_DIR; };
		B6165BD81FFCA2220083D4CB /* ClutterKnowsUITests.swift */ = {isa = PBXFileReference; lastKnownFileType = sourcecode.swift; path = ClutterKnowsUITests.swift; sourceTree = "<group>"; };
		B6165BDA1FFCA2220083D4CB /* Info.plist */ = {isa = PBXFileReference; lastKnownFileType = text.plist.xml; path = Info.plist; sourceTree = "<group>"; };
		B6165BE71FFCA2DD0083D4CB /* UIColorExpand.swift */ = {isa = PBXFileReference; fileEncoding = 4; lastKnownFileType = sourcecode.swift; path = UIColorExpand.swift; sourceTree = "<group>"; };
		B6165BE81FFCA2DD0083D4CB /* SmallPoint.swift */ = {isa = PBXFileReference; fileEncoding = 4; lastKnownFileType = sourcecode.swift; path = SmallPoint.swift; sourceTree = "<group>"; };
		B6165BEA1FFCA2DE0083D4CB /* MachineModels.swift */ = {isa = PBXFileReference; fileEncoding = 4; lastKnownFileType = sourcecode.swift; path = MachineModels.swift; sourceTree = "<group>"; };
		B6165BEB1FFCA2DE0083D4CB /* GCDExpond.swift */ = {isa = PBXFileReference; fileEncoding = 4; lastKnownFileType = sourcecode.swift; path = GCDExpond.swift; sourceTree = "<group>"; };
		B6165BEC1FFCA2DE0083D4CB /* FontFamily.swift */ = {isa = PBXFileReference; fileEncoding = 4; lastKnownFileType = sourcecode.swift; path = FontFamily.swift; sourceTree = "<group>"; };
		B6165BED1FFCA2DE0083D4CB /* FilesPath.swift */ = {isa = PBXFileReference; fileEncoding = 4; lastKnownFileType = sourcecode.swift; path = FilesPath.swift; sourceTree = "<group>"; };
		B6165BF61FFCA2EB0083D4CB /* LeftController.swift */ = {isa = PBXFileReference; fileEncoding = 4; lastKnownFileType = sourcecode.swift; path = LeftController.swift; sourceTree = "<group>"; };
		B6165BF71FFCA2EB0083D4CB /* SideController.swift */ = {isa = PBXFileReference; fileEncoding = 4; lastKnownFileType = sourcecode.swift; path = SideController.swift; sourceTree = "<group>"; };
		B6165BF81FFCA2EC0083D4CB /* SubController.swift */ = {isa = PBXFileReference; fileEncoding = 4; lastKnownFileType = sourcecode.swift; path = SubController.swift; sourceTree = "<group>"; };
		B6165BF91FFCA2EC0083D4CB /* MainController.swift */ = {isa = PBXFileReference; fileEncoding = 4; lastKnownFileType = sourcecode.swift; path = MainController.swift; sourceTree = "<group>"; };
		B6165C021FFCAA9D0083D4CB /* DateExpand.swift */ = {isa = PBXFileReference; lastKnownFileType = sourcecode.swift; path = DateExpand.swift; sourceTree = "<group>"; };
		B63EF0CA2064F80D0016D704 /* CornerRaidons.swift */ = {isa = PBXFileReference; lastKnownFileType = sourcecode.swift; path = CornerRaidons.swift; sourceTree = "<group>"; };
		B6481E391FFCE0CB0075A1A7 /* CollectionController.swift */ = {isa = PBXFileReference; lastKnownFileType = sourcecode.swift; path = CollectionController.swift; sourceTree = "<group>"; };
		B6481E3B1FFDCD650075A1A7 /* CollectionFooter.swift */ = {isa = PBXFileReference; lastKnownFileType = sourcecode.swift; path = CollectionFooter.swift; sourceTree = "<group>"; };
		B6481E3D1FFDCD710075A1A7 /* CollectionHeader.swift */ = {isa = PBXFileReference; lastKnownFileType = sourcecode.swift; path = CollectionHeader.swift; sourceTree = "<group>"; };
		B6481E3F1FFDD1F10075A1A7 /* MyCollectionController.swift */ = {isa = PBXFileReference; lastKnownFileType = sourcecode.swift; path = MyCollectionController.swift; sourceTree = "<group>"; };
		B6662759200DDD2B00D81D97 /* ButtonsChosenView.swift */ = {isa = PBXFileReference; lastKnownFileType = sourcecode.swift; path = ButtonsChosenView.swift; sourceTree = "<group>"; };
		B666275B200DE4CF00D81D97 /* ButtonsController.swift */ = {isa = PBXFileReference; lastKnownFileType = sourcecode.swift; path = ButtonsController.swift; sourceTree = "<group>"; };
		B66F70A620045E1A00557D20 /* CommonSave.swift */ = {isa = PBXFileReference; lastKnownFileType = sourcecode.swift; path = CommonSave.swift; sourceTree = "<group>"; };
		B66F70A82004673400557D20 /* libsqlite3.tbd */ = {isa = PBXFileReference; lastKnownFileType = "sourcecode.text-based-dylib-definition"; name = libsqlite3.tbd; path = usr/lib/libsqlite3.tbd; sourceTree = SDKROOT; };
		B66F70EE200499B700557D20 /* QRCodeController.swift */ = {isa = PBXFileReference; lastKnownFileType = sourcecode.swift; path = QRCodeController.swift; sourceTree = "<group>"; };
		B66F713F2005F03600557D20 /* Header.h */ = {isa = PBXFileReference; lastKnownFileType = sourcecode.c.h; path = Header.h; sourceTree = "<group>"; };
		B68267DF1FFDFE2A009D070F /* WaterFlowViewLayout.swift */ = {isa = PBXFileReference; lastKnownFileType = sourcecode.swift; path = WaterFlowViewLayout.swift; sourceTree = "<group>"; };
		B68267E11FFE1EBE009D070F /* MyVerCollection.swift */ = {isa = PBXFileReference; lastKnownFileType = sourcecode.swift; path = MyVerCollection.swift; sourceTree = "<group>"; };
		B68267E31FFE1EDA009D070F /* WaterFlowViewsLayout.swift */ = {isa = PBXFileReference; lastKnownFileType = sourcecode.swift; path = WaterFlowViewsLayout.swift; sourceTree = "<group>"; };
		B68267E51FFE2724009D070F /* WaterFlowViewHorLayout.swift */ = {isa = PBXFileReference; lastKnownFileType = sourcecode.swift; path = WaterFlowViewHorLayout.swift; sourceTree = "<group>"; };
		B68267E71FFE273D009D070F /* HorCollectionController.swift */ = {isa = PBXFileReference; lastKnownFileType = sourcecode.swift; path = HorCollectionController.swift; sourceTree = "<group>"; };
		B68267EC2002405E009D070F /* MyCalendarController.swift */ = {isa = PBXFileReference; lastKnownFileType = sourcecode.swift; path = MyCalendarController.swift; sourceTree = "<group>"; };
		B68267EE2002532B009D070F /* MyCalendarCollectionCell.swift */ = {isa = PBXFileReference; lastKnownFileType = sourcecode.swift; path = MyCalendarCollectionCell.swift; sourceTree = "<group>"; };
		B68267F02003449B009D070F /* MyCalendarControl.swift */ = {isa = PBXFileReference; lastKnownFileType = sourcecode.swift; path = MyCalendarControl.swift; sourceTree = "<group>"; };
		B68267F220034CD1009D070F /* MyCalendarHeader.swift */ = {isa = PBXFileReference; lastKnownFileType = sourcecode.swift; path = MyCalendarHeader.swift; sourceTree = "<group>"; };
		B68267F52003711B009D070F /* libsqlite3.0.tbd */ = {isa = PBXFileReference; lastKnownFileType = "sourcecode.text-based-dylib-definition"; name = libsqlite3.0.tbd; path = usr/lib/libsqlite3.0.tbd; sourceTree = SDKROOT; };
		B69CB842205FA6190041156C /* ScreenHOT.swift */ = {isa = PBXFileReference; lastKnownFileType = sourcecode.swift; path = ScreenHOT.swift; sourceTree = "<group>"; };
/* End PBXFileReference section */

/* Begin PBXFrameworksBuildPhase section */
		B6165BB21FFCA2220083D4CB /* Frameworks */ = {
			isa = PBXFrameworksBuildPhase;
			buildActionMask = 2147483647;
			files = (
				B66F70A92004673400557D20 /* libsqlite3.tbd in Frameworks */,
				B68267F62003712A009D070F /* libsqlite3.0.tbd in Frameworks */,
			);
			runOnlyForDeploymentPostprocessing = 0;
		};
		B6165BC61FFCA2220083D4CB /* Frameworks */ = {
			isa = PBXFrameworksBuildPhase;
			buildActionMask = 2147483647;
			files = (
			);
			runOnlyForDeploymentPostprocessing = 0;
		};
		B6165BD11FFCA2220083D4CB /* Frameworks */ = {
			isa = PBXFrameworksBuildPhase;
			buildActionMask = 2147483647;
			files = (
			);
			runOnlyForDeploymentPostprocessing = 0;
		};
/* End PBXFrameworksBuildPhase section */

/* Begin PBXGroup section */
		B6165BAC1FFCA2220083D4CB = {
			isa = PBXGroup;
			children = (
				B6165BB71FFCA2220083D4CB /* ClutterKnows */,
				B6165BCC1FFCA2220083D4CB /* ClutterKnowsTests */,
				B6165BD71FFCA2220083D4CB /* ClutterKnowsUITests */,
				B6165BB61FFCA2220083D4CB /* Products */,
				B68267F42003711A009D070F /* Frameworks */,
			);
			sourceTree = "<group>";
		};
		B6165BB61FFCA2220083D4CB /* Products */ = {
			isa = PBXGroup;
			children = (
				B6165BB51FFCA2220083D4CB /* ClutterKnows.app */,
				B6165BC91FFCA2220083D4CB /* ClutterKnowsTests.xctest */,
				B6165BD41FFCA2220083D4CB /* ClutterKnowsUITests.xctest */,
			);
			name = Products;
			sourceTree = "<group>";
		};
		B6165BB71FFCA2220083D4CB /* ClutterKnows */ = {
			isa = PBXGroup;
			children = (
				B6165BB81FFCA2220083D4CB /* AppDelegate.swift */,
				B6165BBA1FFCA2220083D4CB /* ViewController.swift */,
				B6165BF71FFCA2EB0083D4CB /* SideController.swift */,
				B6165BF61FFCA2EB0083D4CB /* LeftController.swift */,
				B6165BF91FFCA2EC0083D4CB /* MainController.swift */,
				B6165BF81FFCA2EC0083D4CB /* SubController.swift */,
				B66F713F2005F03600557D20 /* Header.h */,
				B6481E381FFCE0420075A1A7 /* Collection */,
				B68267EB2002403A009D070F /* MyCalendar */,
				B6662758200DDCA100D81D97 /* ChooseButtons */,
				B6165BFF1FFCA3BB0083D4CB /* ClutterKnowledge */,
				B69CB841205FA53F0041156C /* ScreenHot */,
				B6165BC41FFCA2220083D4CB /* Info.plist */,
				B6165BFE1FFCA2F30083D4CB /* Configuration */,
			);
			path = ClutterKnows;
			sourceTree = "<group>";
		};
		B6165BCC1FFCA2220083D4CB /* ClutterKnowsTests */ = {
			isa = PBXGroup;
			children = (
				B6165BCD1FFCA2220083D4CB /* ClutterKnowsTests.swift */,
				B6165BCF1FFCA2220083D4CB /* Info.plist */,
			);
			path = ClutterKnowsTests;
			sourceTree = "<group>";
		};
		B6165BD71FFCA2220083D4CB /* ClutterKnowsUITests */ = {
			isa = PBXGroup;
			children = (
				B6165BD81FFCA2220083D4CB /* ClutterKnowsUITests.swift */,
				B6165BDA1FFCA2220083D4CB /* Info.plist */,
			);
			path = ClutterKnowsUITests;
			sourceTree = "<group>";
		};
		B6165BFE1FFCA2F30083D4CB /* Configuration */ = {
			isa = PBXGroup;
			children = (
				B6165BBF1FFCA2220083D4CB /* Assets.xcassets */,
				B6165BBC1FFCA2220083D4CB /* Main.storyboard */,
				B6165BC11FFCA2220083D4CB /* LaunchScreen.storyboard */,
			);
			path = Configuration;
			sourceTree = "<group>";
		};
		B6165BFF1FFCA3BB0083D4CB /* ClutterKnowledge */ = {
			isa = PBXGroup;
			children = (
				B6165BED1FFCA2DE0083D4CB /* FilesPath.swift */,
				B66F70A620045E1A00557D20 /* CommonSave.swift */,
				B6165BEC1FFCA2DE0083D4CB /* FontFamily.swift */,
				B6165BEB1FFCA2DE0083D4CB /* GCDExpond.swift */,
				B6165BEA1FFCA2DE0083D4CB /* MachineModels.swift */,
				B6165BE81FFCA2DD0083D4CB /* SmallPoint.swift */,
				B6165BE71FFCA2DD0083D4CB /* UIColorExpand.swift */,
				B6165C021FFCAA9D0083D4CB /* DateExpand.swift */,
				B66F70EE200499B700557D20 /* QRCodeController.swift */,
				B63EF0CA2064F80D0016D704 /* CornerRaidons.swift */,
			);
			path = ClutterKnowledge;
			sourceTree = "<group>";
		};
		B6481E381FFCE0420075A1A7 /* Collection */ = {
			isa = PBXGroup;
			children = (
				B6481E391FFCE0CB0075A1A7 /* CollectionController.swift */,
				B6481E3D1FFDCD710075A1A7 /* CollectionHeader.swift */,
				B6481E3B1FFDCD650075A1A7 /* CollectionFooter.swift */,
				B6481E3F1FFDD1F10075A1A7 /* MyCollectionController.swift */,
				B68267DF1FFDFE2A009D070F /* WaterFlowViewLayout.swift */,
				B68267E11FFE1EBE009D070F /* MyVerCollection.swift */,
				B68267E31FFE1EDA009D070F /* WaterFlowViewsLayout.swift */,
				B68267E71FFE273D009D070F /* HorCollectionController.swift */,
				B68267E51FFE2724009D070F /* WaterFlowViewHorLayout.swift */,
			);
			path = Collection;
			sourceTree = "<group>";
		};
		B6662758200DDCA100D81D97 /* ChooseButtons */ = {
			isa = PBXGroup;
			children = (
				B666275B200DE4CF00D81D97 /* ButtonsController.swift */,
				B6662759200DDD2B00D81D97 /* ButtonsChosenView.swift */,
			);
			path = ChooseButtons;
			sourceTree = "<group>";
		};
		B68267EB2002403A009D070F /* MyCalendar */ = {
			isa = PBXGroup;
			children = (
				B68267EC2002405E009D070F /* MyCalendarController.swift */,
				B68267F220034CD1009D070F /* MyCalendarHeader.swift */,
				B68267EE2002532B009D070F /* MyCalendarCollectionCell.swift */,
				B68267F02003449B009D070F /* MyCalendarControl.swift */,
			);
			path = MyCalendar;
			sourceTree = "<group>";
		};
		B68267F42003711A009D070F /* Frameworks */ = {
			isa = PBXGroup;
			children = (
				B66F70A82004673400557D20 /* libsqlite3.tbd */,
				B68267F52003711B009D070F /* libsqlite3.0.tbd */,
			);
			name = Frameworks;
			sourceTree = "<group>";
		};
		B69CB841205FA53F0041156C /* ScreenHot */ = {
			isa = PBXGroup;
			children = (
				B69CB842205FA6190041156C /* ScreenHOT.swift */,
			);
			path = ScreenHot;
			sourceTree = "<group>";
		};
/* End PBXGroup section */

/* Begin PBXNativeTarget section */
		B6165BB41FFCA2220083D4CB /* ClutterKnows */ = {
			isa = PBXNativeTarget;
			buildConfigurationList = B6165BDD1FFCA2220083D4CB /* Build configuration list for PBXNativeTarget "ClutterKnows" */;
			buildPhases = (
				B6165BB11FFCA2220083D4CB /* Sources */,
				B6165BB21FFCA2220083D4CB /* Frameworks */,
				B6165BB31FFCA2220083D4CB /* Resources */,
			);
			buildRules = (
			);
			dependencies = (
			);
			name = ClutterKnows;
			productName = ClutterKnows;
			productReference = B6165BB51FFCA2220083D4CB /* ClutterKnows.app */;
			productType = "com.apple.product-type.application";
		};
		B6165BC81FFCA2220083D4CB /* ClutterKnowsTests */ = {
			isa = PBXNativeTarget;
			buildConfigurationList = B6165BE01FFCA2220083D4CB /* Build configuration list for PBXNativeTarget "ClutterKnowsTests" */;
			buildPhases = (
				B6165BC51FFCA2220083D4CB /* Sources */,
				B6165BC61FFCA2220083D4CB /* Frameworks */,
				B6165BC71FFCA2220083D4CB /* Resources */,
			);
			buildRules = (
			);
			dependencies = (
				B6165BCB1FFCA2220083D4CB /* PBXTargetDependency */,
			);
			name = ClutterKnowsTests;
			productName = ClutterKnowsTests;
			productReference = B6165BC91FFCA2220083D4CB /* ClutterKnowsTests.xctest */;
			productType = "com.apple.product-type.bundle.unit-test";
		};
		B6165BD31FFCA2220083D4CB /* ClutterKnowsUITests */ = {
			isa = PBXNativeTarget;
			buildConfigurationList = B6165BE31FFCA2220083D4CB /* Build configuration list for PBXNativeTarget "ClutterKnowsUITests" */;
			buildPhases = (
				B6165BD01FFCA2220083D4CB /* Sources */,
				B6165BD11FFCA2220083D4CB /* Frameworks */,
				B6165BD21FFCA2220083D4CB /* Resources */,
			);
			buildRules = (
			);
			dependencies = (
				B6165BD61FFCA2220083D4CB /* PBXTargetDependency */,
			);
			name = ClutterKnowsUITests;
			productName = ClutterKnowsUITests;
			productReference = B6165BD41FFCA2220083D4CB /* ClutterKnowsUITests.xctest */;
			productType = "com.apple.product-type.bundle.ui-testing";
		};
/* End PBXNativeTarget section */

/* Begin PBXProject section */
		B6165BAD1FFCA2220083D4CB /* Project object */ = {
			isa = PBXProject;
			attributes = {
				LastSwiftUpdateCheck = 0910;
				LastUpgradeCheck = 0910;
				ORGANIZATIONNAME = "陈岩";
				TargetAttributes = {
					B6165BB41FFCA2220083D4CB = {
						CreatedOnToolsVersion = 9.1;
						ProvisioningStyle = Automatic;
					};
					B6165BC81FFCA2220083D4CB = {
						CreatedOnToolsVersion = 9.1;
						ProvisioningStyle = Automatic;
						TestTargetID = B6165BB41FFCA2220083D4CB;
					};
					B6165BD31FFCA2220083D4CB = {
						CreatedOnToolsVersion = 9.1;
						ProvisioningStyle = Automatic;
						TestTargetID = B6165BB41FFCA2220083D4CB;
					};
				};
			};
			buildConfigurationList = B6165BB01FFCA2220083D4CB /* Build configuration list for PBXProject "ClutterKnows" */;
			compatibilityVersion = "Xcode 8.0";
			developmentRegion = en;
			hasScannedForEncodings = 0;
			knownRegions = (
				en,
				Base,
			);
			mainGroup = B6165BAC1FFCA2220083D4CB;
			productRefGroup = B6165BB61FFCA2220083D4CB /* Products */;
			projectDirPath = "";
			projectRoot = "";
			targets = (
				B6165BB41FFCA2220083D4CB /* ClutterKnows */,
				B6165BC81FFCA2220083D4CB /* ClutterKnowsTests */,
				B6165BD31FFCA2220083D4CB /* ClutterKnowsUITests */,
			);
		};
/* End PBXProject section */

/* Begin PBXResourcesBuildPhase section */
		B6165BB31FFCA2220083D4CB /* Resources */ = {
			isa = PBXResourcesBuildPhase;
			buildActionMask = 2147483647;
			files = (
				B6165BC31FFCA2220083D4CB /* LaunchScreen.storyboard in Resources */,
				B6165BC01FFCA2220083D4CB /* Assets.xcassets in Resources */,
				B6165BBE1FFCA2220083D4CB /* Main.storyboard in Resources */,
			);
			runOnlyForDeploymentPostprocessing = 0;
		};
		B6165BC71FFCA2220083D4CB /* Resources */ = {
			isa = PBXResourcesBuildPhase;
			buildActionMask = 2147483647;
			files = (
			);
			runOnlyForDeploymentPostprocessing = 0;
		};
		B6165BD21FFCA2220083D4CB /* Resources */ = {
			isa = PBXResourcesBuildPhase;
			buildActionMask = 2147483647;
			files = (
			);
			runOnlyForDeploymentPostprocessing = 0;
		};
/* End PBXResourcesBuildPhase section */

/* Begin PBXSourcesBuildPhase section */
		B6165BB11FFCA2220083D4CB /* Sources */ = {
			isa = PBXSourcesBuildPhase;
			buildActionMask = 2147483647;
			files = (
				B68267E81FFE273D009D070F /* HorCollectionController.swift in Sources */,
				B68267F320034CD1009D070F /* MyCalendarHeader.swift in Sources */,
				B66F70A720045E1A00557D20 /* CommonSave.swift in Sources */,
				B6165BF01FFCA2DE0083D4CB /* SmallPoint.swift in Sources */,
				B68267E61FFE2724009D070F /* WaterFlowViewHorLayout.swift in Sources */,
				B666275A200DDD2B00D81D97 /* ButtonsChosenView.swift in Sources */,
				B6165BBB1FFCA2220083D4CB /* ViewController.swift in Sources */,
				B63EF0CB2064F80D0016D704 /* CornerRaidons.swift in Sources */,
				B6165C031FFCAA9D0083D4CB /* DateExpand.swift in Sources */,
				B6165BB91FFCA2220083D4CB /* AppDelegate.swift in Sources */,
				B6481E401FFDD1F10075A1A7 /* MyCollectionController.swift in Sources */,
				B6165BFA1FFCA2EC0083D4CB /* LeftController.swift in Sources */,
				B68267E41FFE1EDA009D070F /* WaterFlowViewsLayout.swift in Sources */,
				B6165BF51FFCA2DE0083D4CB /* FilesPath.swift in Sources */,
				B666275C200DE4CF00D81D97 /* ButtonsController.swift in Sources */,
				B69CB843205FA6190041156C /* ScreenHOT.swift in Sources */,
				B6481E3E1FFDCD710075A1A7 /* CollectionHeader.swift in Sources */,
				B68267ED2002405E009D070F /* MyCalendarController.swift in Sources */,
				B6165BFC1FFCA2EC0083D4CB /* SubController.swift in Sources */,
				B6165BFD1FFCA2EC0083D4CB /* MainController.swift in Sources */,
				B68267EF2002532B009D070F /* MyCalendarCollectionCell.swift in Sources */,
				B68267E21FFE1EBE009D070F /* MyVerCollection.swift in Sources */,
				B6165BEF1FFCA2DE0083D4CB /* UIColorExpand.swift in Sources */,
				B6165BFB1FFCA2EC0083D4CB /* SideController.swift in Sources */,
				B6165BF41FFCA2DE0083D4CB /* FontFamily.swift in Sources */,
				B6481E3C1FFDCD650075A1A7 /* CollectionFooter.swift in Sources */,
				B66F70EF200499B700557D20 /* QRCodeController.swift in Sources */,
				B6165BF31FFCA2DE0083D4CB /* GCDExpond.swift in Sources */,
				B6481E3A1FFCE0CB0075A1A7 /* CollectionController.swift in Sources */,
				B68267F12003449B009D070F /* MyCalendarControl.swift in Sources */,
				B6165BF21FFCA2DE0083D4CB /* MachineModels.swift in Sources */,
				B68267E01FFDFE2A009D070F /* WaterFlowViewLayout.swift in Sources */,
			);
			runOnlyForDeploymentPostprocessing = 0;
		};
		B6165BC51FFCA2220083D4CB /* Sources */ = {
			isa = PBXSourcesBuildPhase;
			buildActionMask = 2147483647;
			files = (
				B6165BCE1FFCA2220083D4CB /* ClutterKnowsTests.swift in Sources */,
			);
			runOnlyForDeploymentPostprocessing = 0;
		};
		B6165BD01FFCA2220083D4CB /* Sources */ = {
			isa = PBXSourcesBuildPhase;
			buildActionMask = 2147483647;
			files = (
				B6165BD91FFCA2220083D4CB /* ClutterKnowsUITests.swift in Sources */,
			);
			runOnlyForDeploymentPostprocessing = 0;
		};
/* End PBXSourcesBuildPhase section */

/* Begin PBXTargetDependency section */
		B6165BCB1FFCA2220083D4CB /* PBXTargetDependency */ = {
			isa = PBXTargetDependency;
			target = B6165BB41FFCA2220083D4CB /* ClutterKnows */;
			targetProxy = B6165BCA1FFCA2220083D4CB /* PBXContainerItemProxy */;
		};
		B6165BD61FFCA2220083D4CB /* PBXTargetDependency */ = {
			isa = PBXTargetDependency;
			target = B6165BB41FFCA2220083D4CB /* ClutterKnows */;
			targetProxy = B6165BD51FFCA2220083D4CB /* PBXContainerItemProxy */;
		};
/* End PBXTargetDependency section */

/* Begin PBXVariantGroup section */
		B6165BBC1FFCA2220083D4CB /* Main.storyboard */ = {
			isa = PBXVariantGroup;
			children = (
				B6165BBD1FFCA2220083D4CB /* Base */,
			);
			name = Main.storyboard;
			sourceTree = "<group>";
		};
		B6165BC11FFCA2220083D4CB /* LaunchScreen.storyboard */ = {
			isa = PBXVariantGroup;
			children = (
				B6165BC21FFCA2220083D4CB /* Base */,
			);
			name = LaunchScreen.storyboard;
			sourceTree = "<group>";
		};
/* End PBXVariantGroup section */

/* Begin XCBuildConfiguration section */
		B6165BDB1FFCA2220083D4CB /* Debug */ = {
			isa = XCBuildConfiguration;
			buildSettings = {
				ALWAYS_SEARCH_USER_PATHS = NO;
				CLANG_ANALYZER_NONNULL = YES;
				CLANG_ANALYZER_NUMBER_OBJECT_CONVERSION = YES_AGGRESSIVE;
				CLANG_CXX_LANGUAGE_STANDARD = "gnu++14";
				CLANG_CXX_LIBRARY = "libc++";
				CLANG_ENABLE_MODULES = YES;
				CLANG_ENABLE_OBJC_ARC = YES;
				CLANG_WARN_BLOCK_CAPTURE_AUTORELEASING = YES;
				CLANG_WARN_BOOL_CONVERSION = YES;
				CLANG_WARN_COMMA = YES;
				CLANG_WARN_CONSTANT_CONVERSION = YES;
				CLANG_WARN_DIRECT_OBJC_ISA_USAGE = YES_ERROR;
				CLANG_WARN_DOCUMENTATION_COMMENTS = YES;
				CLANG_WARN_EMPTY_BODY = YES;
				CLANG_WARN_ENUM_CONVERSION = YES;
				CLANG_WARN_INFINITE_RECURSION = YES;
				CLANG_WARN_INT_CONVERSION = YES;
				CLANG_WARN_NON_LITERAL_NULL_CONVERSION = YES;
				CLANG_WARN_OBJC_LITERAL_CONVERSION = YES;
				CLANG_WARN_OBJC_ROOT_CLASS = YES_ERROR;
				CLANG_WARN_RANGE_LOOP_ANALYSIS = YES;
				CLANG_WARN_STRICT_PROTOTYPES = YES;
				CLANG_WARN_SUSPICIOUS_MOVE = YES;
				CLANG_WARN_UNGUARDED_AVAILABILITY = YES_AGGRESSIVE;
				CLANG_WARN_UNREACHABLE_CODE = YES;
				CLANG_WARN__DUPLICATE_METHOD_MATCH = YES;
				CODE_SIGN_IDENTITY = "iPhone Developer";
				COPY_PHASE_STRIP = NO;
				DEBUG_INFORMATION_FORMAT = dwarf;
				ENABLE_STRICT_OBJC_MSGSEND = YES;
				ENABLE_TESTABILITY = YES;
				GCC_C_LANGUAGE_STANDARD = gnu11;
				GCC_DYNAMIC_NO_PIC = NO;
				GCC_NO_COMMON_BLOCKS = YES;
				GCC_OPTIMIZATION_LEVEL = 0;
				GCC_PREPROCESSOR_DEFINITIONS = (
					"DEBUG=1",
					"$(inherited)",
				);
				GCC_WARN_64_TO_32_BIT_CONVERSION = YES;
				GCC_WARN_ABOUT_RETURN_TYPE = YES_ERROR;
				GCC_WARN_UNDECLARED_SELECTOR = YES;
				GCC_WARN_UNINITIALIZED_AUTOS = YES_AGGRESSIVE;
				GCC_WARN_UNUSED_FUNCTION = YES;
				GCC_WARN_UNUSED_VARIABLE = YES;
				IPHONEOS_DEPLOYMENT_TARGET = 11.1;
				MTL_ENABLE_DEBUG_INFO = YES;
				ONLY_ACTIVE_ARCH = YES;
				SDKROOT = iphoneos;
				SWIFT_ACTIVE_COMPILATION_CONDITIONS = DEBUG;
				SWIFT_OPTIMIZATION_LEVEL = "-Onone";
			};
			name = Debug;
		};
		B6165BDC1FFCA2220083D4CB /* Release */ = {
			isa = XCBuildConfiguration;
			buildSettings = {
				ALWAYS_SEARCH_USER_PATHS = NO;
				CLANG_ANALYZER_NONNULL = YES;
				CLANG_ANALYZER_NUMBER_OBJECT_CONVERSION = YES_AGGRESSIVE;
				CLANG_CXX_LANGUAGE_STANDARD = "gnu++14";
				CLANG_CXX_LIBRARY = "libc++";
				CLANG_ENABLE_MODULES = YES;
				CLANG_ENABLE_OBJC_ARC = YES;
				CLANG_WARN_BLOCK_CAPTURE_AUTORELEASING = YES;
				CLANG_WARN_BOOL_CONVERSION = YES;
				CLANG_WARN_COMMA = YES;
				CLANG_WARN_CONSTANT_CONVERSION = YES;
				CLANG_WARN_DIRECT_OBJC_ISA_USAGE = YES_ERROR;
				CLANG_WARN_DOCUMENTATION_COMMENTS = YES;
				CLANG_WARN_EMPTY_BODY = YES;
				CLANG_WARN_ENUM_CONVERSION = YES;
				CLANG_WARN_INFINITE_RECURSION = YES;
				CLANG_WARN_INT_CONVERSION = YES;
				CLANG_WARN_NON_LITERAL_NULL_CONVERSION = YES;
				CLANG_WARN_OBJC_LITERAL_CONVERSION = YES;
				CLANG_WARN_OBJC_ROOT_CLASS = YES_ERROR;
				CLANG_WARN_RANGE_LOOP_ANALYSIS = YES;
				CLANG_WARN_STRICT_PROTOTYPES = YES;
				CLANG_WARN_SUSPICIOUS_MOVE = YES;
				CLANG_WARN_UNGUARDED_AVAILABILITY = YES_AGGRESSIVE;
				CLANG_WARN_UNREACHABLE_CODE = YES;
				CLANG_WARN__DUPLICATE_METHOD_MATCH = YES;
				CODE_SIGN_IDENTITY = "iPhone Developer";
				COPY_PHASE_STRIP = NO;
				DEBUG_INFORMATION_FORMAT = "dwarf-with-dsym";
				ENABLE_NS_ASSERTIONS = NO;
				ENABLE_STRICT_OBJC_MSGSEND = YES;
				GCC_C_LANGUAGE_STANDARD = gnu11;
				GCC_NO_COMMON_BLOCKS = YES;
				GCC_WARN_64_TO_32_BIT_CONVERSION = YES;
				GCC_WARN_ABOUT_RETURN_TYPE = YES_ERROR;
				GCC_WARN_UNDECLARED_SELECTOR = YES;
				GCC_WARN_UNINITIALIZED_AUTOS = YES_AGGRESSIVE;
				GCC_WARN_UNUSED_FUNCTION = YES;
				GCC_WARN_UNUSED_VARIABLE = YES;
				IPHONEOS_DEPLOYMENT_TARGET = 11.1;
				MTL_ENABLE_DEBUG_INFO = NO;
				SDKROOT = iphoneos;
				SWIFT_OPTIMIZATION_LEVEL = "-Owholemodule";
				VALIDATE_PRODUCT = YES;
			};
			name = Release;
		};
		B6165BDE1FFCA2220083D4CB /* Debug */ = {
			isa = XCBuildConfiguration;
			buildSettings = {
				ASSETCATALOG_COMPILER_APPICON_NAME = AppIcon;
				CODE_SIGN_STYLE = Automatic;
				DEVELOPMENT_TEAM = 6YF5Q3S3Y5;
				HEADER_SEARCH_PATHS = "$(SRCROOT)/ClutterKnows";
				INFOPLIST_FILE = ClutterKnows/Info.plist;
				IPHONEOS_DEPLOYMENT_TARGET = 9.3;
				LD_RUNPATH_SEARCH_PATHS = "$(inherited) @executable_path/Frameworks";
				PRODUCT_BUNDLE_IDENTIFIER = qt.ClutterKnows;
				PRODUCT_NAME = "$(TARGET_NAME)";
				SWIFT_OBJC_BRIDGING_HEADER = "$(SRCROOT)/ClutterKnows/Header.h";
				SWIFT_VERSION = 4.0;
				TARGETED_DEVICE_FAMILY = "1,2";
				USER_HEADER_SEARCH_PATHS = "";
			};
			name = Debug;
		};
		B6165BDF1FFCA2220083D4CB /* Release */ = {
			isa = XCBuildConfiguration;
			buildSettings = {
				ASSETCATALOG_COMPILER_APPICON_NAME = AppIcon;
				CODE_SIGN_STYLE = Automatic;
				DEVELOPMENT_TEAM = 6YF5Q3S3Y5;
				HEADER_SEARCH_PATHS = "$(SRCROOT)/ClutterKnows";
				INFOPLIST_FILE = ClutterKnows/Info.plist;
				IPHONEOS_DEPLOYMENT_TARGET = 9.3;
				LD_RUNPATH_SEARCH_PATHS = "$(inherited) @executable_path/Frameworks";
				PRODUCT_BUNDLE_IDENTIFIER = qt.ClutterKnows;
				PRODUCT_NAME = "$(TARGET_NAME)";
				SWIFT_OBJC_BRIDGING_HEADER = "$(SRCROOT)/ClutterKnows/Header.h";
				SWIFT_VERSION = 4.0;
				TARGETED_DEVICE_FAMILY = "1,2";
				USER_HEADER_SEARCH_PATHS = "";
			};
			name = Release;
		};
		B6165BE11FFCA2220083D4CB /* Debug */ = {
			isa = XCBuildConfiguration;
			buildSettings = {
				ALWAYS_EMBED_SWIFT_STANDARD_LIBRARIES = YES;
				BUNDLE_LOADER = "$(TEST_HOST)";
				CODE_SIGN_STYLE = Automatic;
				INFOPLIST_FILE = ClutterKnowsTests/Info.plist;
				LD_RUNPATH_SEARCH_PATHS = "$(inherited) @executable_path/Frameworks @loader_path/Frameworks";
				PRODUCT_BUNDLE_IDENTIFIER = qt.ClutterKnowsTests;
				PRODUCT_NAME = "$(TARGET_NAME)";
				SWIFT_VERSION = 4.0;
				TARGETED_DEVICE_FAMILY = "1,2";
				TEST_HOST = "$(BUILT_PRODUCTS_DIR)/ClutterKnows.app/ClutterKnows";
			};
			name = Debug;
		};
		B6165BE21FFCA2220083D4CB /* Release */ = {
			isa = XCBuildConfiguration;
			buildSettings = {
				ALWAYS_EMBED_SWIFT_STANDARD_LIBRARIES = YES;
				BUNDLE_LOADER = "$(TEST_HOST)";
				CODE_SIGN_STYLE = Automatic;
				INFOPLIST_FILE = ClutterKnowsTests/Info.plist;
				LD_RUNPATH_SEARCH_PATHS = "$(inherited) @executable_path/Frameworks @loader_path/Frameworks";
				PRODUCT_BUNDLE_IDENTIFIER = qt.ClutterKnowsTests;
				PRODUCT_NAME = "$(TARGET_NAME)";
				SWIFT_VERSION = 4.0;
				TARGETED_DEVICE_FAMILY = "1,2";
				TEST_HOST = "$(BUILT_PRODUCTS_DIR)/ClutterKnows.app/ClutterKnows";
			};
			name = Release;
		};
		B6165BE41FFCA2220083D4CB /* Debug */ = {
			isa = XCBuildConfiguration;
			buildSettings = {
				ALWAYS_EMBED_SWIFT_STANDARD_LIBRARIES = YES;
				CODE_SIGN_STYLE = Automatic;
				INFOPLIST_FILE = ClutterKnowsUITests/Info.plist;
				LD_RUNPATH_SEARCH_PATHS = "$(inherited) @executable_path/Frameworks @loader_path/Frameworks";
				PRODUCT_BUNDLE_IDENTIFIER = qt.ClutterKnowsUITests;
				PRODUCT_NAME = "$(TARGET_NAME)";
				SWIFT_VERSION = 4.0;
				TARGETED_DEVICE_FAMILY = "1,2";
				TEST_TARGET_NAME = ClutterKnows;
			};
			name = Debug;
		};
		B6165BE51FFCA2220083D4CB /* Release */ = {
			isa = XCBuildConfiguration;
			buildSettings = {
				ALWAYS_EMBED_SWIFT_STANDARD_LIBRARIES = YES;
				CODE_SIGN_STYLE = Automatic;
				INFOPLIST_FILE = ClutterKnowsUITests/Info.plist;
				LD_RUNPATH_SEARCH_PATHS = "$(inherited) @executable_path/Frameworks @loader_path/Frameworks";
				PRODUCT_BUNDLE_IDENTIFIER = qt.ClutterKnowsUITests;
				PRODUCT_NAME = "$(TARGET_NAME)";
				SWIFT_VERSION = 4.0;
				TARGETED_DEVICE_FAMILY = "1,2";
				TEST_TARGET_NAME = ClutterKnows;
			};
			name = Release;
		};
/* End XCBuildConfiguration section */

/* Begin XCConfigurationList section */
		B6165BB01FFCA2220083D4CB /* Build configuration list for PBXProject "ClutterKnows" */ = {
			isa = XCConfigurationList;
			buildConfigurations = (
				B6165BDB1FFCA2220083D4CB /* Debug */,
				B6165BDC1FFCA2220083D4CB /* Release */,
			);
			defaultConfigurationIsVisible = 0;
			defaultConfigurationName = Release;
		};
		B6165BDD1FFCA2220083D4CB /* Build configuration list for PBXNativeTarget "ClutterKnows" */ = {
			isa = XCConfigurationList;
			buildConfigurations = (
				B6165BDE1FFCA2220083D4CB /* Debug */,
				B6165BDF1FFCA2220083D4CB /* Release */,
			);
			defaultConfigurationIsVisible = 0;
			defaultConfigurationName = Release;
		};
		B6165BE01FFCA2220083D4CB /* Build configuration list for PBXNativeTarget "ClutterKnowsTests" */ = {
			isa = XCConfigurationList;
			buildConfigurations = (
				B6165BE11FFCA2220083D4CB /* Debug */,
				B6165BE21FFCA2220083D4CB /* Release */,
			);
			defaultConfigurationIsVisible = 0;
			defaultConfigurationName = Release;
		};
		B6165BE31FFCA2220083D4CB /* Build configuration list for PBXNativeTarget "ClutterKnowsUITests" */ = {
			isa = XCConfigurationList;
			buildConfigurations = (
				B6165BE41FFCA2220083D4CB /* Debug */,
				B6165BE51FFCA2220083D4CB /* Release */,
			);
			defaultConfigurationIsVisible = 0;
			defaultConfigurationName = Release;
		};
/* End XCConfigurationList section */
	};
	rootObject = B6165BAD1FFCA2220083D4CB /* Project object */;
}
